
Microsoft Visual Studio Solution File, Format Version 11.00
# Visual Studio 2010
Project("{FAE04EC0-301F-11D3-BF4B-00C04F79EFBC}") = "MDotNet.MEF", "MDotNet.MEF\MDotNet.MEF.csproj", "{3868C5D3-4856-48BA-AC09-B4D0D4D3C918}"
EndProject
Project("{FAE04EC0-301F-11D3-BF4B-00C04F79EFBC}") = "MDotNet.WPF", "MDotNet.WPF\MDotNet.WPF.csproj", "{0D960141-299B-4F0E-9726-866A24F2D1C3}"
EndProject
Project("{FAE04EC0-301F-11D3-BF4B-00C04F79EFBC}") = "MDotNet.Settings", "MDotNet.Settings\MDotNet.Settings.csproj", "{227F588D-7B63-49D4-9B7F-626464D3AD74}"
EndProject
Project("{FAE04EC0-301F-11D3-BF4B-00C04F79EFBC}") = "MDotNet.Extensions", "MDotNet.Extensions\MDotNet.Extensions.csproj", "{B0B40227-9F5E-4247-A766-79FCBB6C96EF}"
EndProject
Project("{FAE04EC0-301F-11D3-BF4B-00C04F79EFBC}") = "MDotNet.Logging", "MDotNet.Logging\MDotNet.Logging.csproj", "{644EE405-7EDA-47B3-A939-14DDCC14FCED}"
EndProject
Project("{FAE04EC0-301F-11D3-BF4B-00C04F79EFBC}") = "MDotNet.Common", "MDotNet.Common\MDotNet.Common.csproj", "{3759C2E4-1872-4C4D-8B7B-4406904BB36B}"
EndProject
Project("{2150E333-8FDC-42A3-9474-1A3956D46DE8}") = "MUtils Projects", "MUtils Projects", "{C9C4D3BD-AF56-4487-909E-ECBC1C040A66}"
EndProject
Project("{2150E333-8FDC-42A3-9474-1A3956D46DE8}") = "MDotNet Projects", "MDotNet Projects", "{20C1D40A-914C-4D82-8DED-BECA38DEED17}"
EndProject
Project("{FAE04EC0-301F-11D3-BF4B-00C04F79EFBC}") = "MUtils.Extension", "MUtils.Extention\MUtils.Extension.csproj", "{1D49A342-DD94-4A9D-9E5C-2AF57C9790EB}"
EndProject
Project("{FAE04EC0-301F-11D3-BF4B-00C04F79EFBC}") = "MUtils.Old", "MUtils.Old\MUtils.Old.csproj", "{F73AAF5B-58BB-4C7D-ABCB-4E42CB3035E4}"
EndProject
Project("{FAE04EC0-301F-11D3-BF4B-00C04F79EFBC}") = "MDotNet.WPF.MVVM", "MDotNet.WPF.MVVM\MDotNet.WPF.MVVM.csproj", "{BE3FF191-E1DD-489C-84E4-757AF62C2675}"
EndProject
Project("{FAE04EC0-301F-11D3-BF4B-00C04F79EFBC}") = "MUtils.Old2", "MUtils.Old2\MUtils.Old2.csproj", "{6F87E697-1F8D-42B1-BDA8-0C0DA8EA2B68}"
EndProject
Project("{2150E333-8FDC-42A3-9474-1A3956D46DE8}") = "Logging", "Logging", "{8F47024D-DF3A-4E3C-AD51-42A3CA905A79}"
EndProject
Project("{FAE04EC0-301F-11D3-BF4B-00C04F79EFBC}") = "MDotNet.Logging.Wrappers.NLog", "MDotNet.Logging.Wrappers.NLog\MDotNet.Logging.Wrappers.NLog.csproj", "{BD84BF78-E1DC-46F7-ABD7-32F1D531586E}"
EndProject
Project("{2150E333-8FDC-42A3-9474-1A3956D46DE8}") = "Testing Area", "Testing Area", "{F4BF08CC-07BC-4CD5-9287-9DEAEF53A736}"
EndProject
Project("{FAE04EC0-301F-11D3-BF4B-00C04F79EFBC}") = "AsyncTest", "AsyncTest\AsyncTest.csproj", "{8CBBF1E7-495E-4D44-8F67-680254856AC0}"
EndProject
Project("{FAE04EC0-301F-11D3-BF4B-00C04F79EFBC}") = "MUtils", "MUtils\MUtils.csproj", "{02E9845C-808E-4E29-B431-E637D993ED98}"
EndProject
Project("{FAE04EC0-301F-11D3-BF4B-00C04F79EFBC}") = "WpfApplication1", "Testing\WpfApplication1\WpfApplication1.csproj", "{8B3E30FF-A5A9-4119-9EA3-295DD85E77D2}"
EndProject
Project("{FAE04EC0-301F-11D3-BF4B-00C04F79EFBC}") = "MUtils.Extension.Lua", "MUtils.Extension.Lua\MUtils.Extension.Lua.csproj", "{8543ECBE-DD62-4F74-949E-3A4F834DF6FF}"
EndProject
Global
	GlobalSection(SolutionConfigurationPlatforms) = preSolution
		Debug|Any CPU = Debug|Any CPU
		Debug|Mixed Platforms = Debug|Mixed Platforms
		Debug|x86 = Debug|x86
		Release|Any CPU = Release|Any CPU
		Release|Mixed Platforms = Release|Mixed Platforms
		Release|x86 = Release|x86
	EndGlobalSection
	GlobalSection(ProjectConfigurationPlatforms) = postSolution
		{3868C5D3-4856-48BA-AC09-B4D0D4D3C918}.Debug|Any CPU.ActiveCfg = Debug|Any CPU
		{3868C5D3-4856-48BA-AC09-B4D0D4D3C918}.Debug|Any CPU.Build.0 = Debug|Any CPU
		{3868C5D3-4856-48BA-AC09-B4D0D4D3C918}.Debug|Mixed Platforms.ActiveCfg = Debug|Any CPU
		{3868C5D3-4856-48BA-AC09-B4D0D4D3C918}.Debug|Mixed Platforms.Build.0 = Debug|Any CPU
		{3868C5D3-4856-48BA-AC09-B4D0D4D3C918}.Debug|x86.ActiveCfg = Debug|Any CPU
		{3868C5D3-4856-48BA-AC09-B4D0D4D3C918}.Debug|x86.Build.0 = Debug|Any CPU
		{3868C5D3-4856-48BA-AC09-B4D0D4D3C918}.Release|Any CPU.ActiveCfg = Release|Any CPU
		{3868C5D3-4856-48BA-AC09-B4D0D4D3C918}.Release|Any CPU.Build.0 = Release|Any CPU
		{3868C5D3-4856-48BA-AC09-B4D0D4D3C918}.Release|Mixed Platforms.ActiveCfg = Release|Any CPU
		{3868C5D3-4856-48BA-AC09-B4D0D4D3C918}.Release|Mixed Platforms.Build.0 = Release|Any CPU
		{3868C5D3-4856-48BA-AC09-B4D0D4D3C918}.Release|x86.ActiveCfg = Release|Any CPU
		{0D960141-299B-4F0E-9726-866A24F2D1C3}.Debug|Any CPU.ActiveCfg = Debug|Any CPU
		{0D960141-299B-4F0E-9726-866A24F2D1C3}.Debug|Any CPU.Build.0 = Debug|Any CPU
		{0D960141-299B-4F0E-9726-866A24F2D1C3}.Debug|Mixed Platforms.ActiveCfg = Debug|Any CPU
		{0D960141-299B-4F0E-9726-866A24F2D1C3}.Debug|Mixed Platforms.Build.0 = Debug|Any CPU
		{0D960141-299B-4F0E-9726-866A24F2D1C3}.Debug|x86.ActiveCfg = Debug|Any CPU
		{0D960141-299B-4F0E-9726-866A24F2D1C3}.Debug|x86.Build.0 = Debug|Any CPU
		{0D960141-299B-4F0E-9726-866A24F2D1C3}.Release|Any CPU.ActiveCfg = Release|Any CPU
		{0D960141-299B-4F0E-9726-866A24F2D1C3}.Release|Any CPU.Build.0 = Release|Any CPU
		{0D960141-299B-4F0E-9726-866A24F2D1C3}.Release|Mixed Platforms.ActiveCfg = Release|Any CPU
		{0D960141-299B-4F0E-9726-866A24F2D1C3}.Release|Mixed Platforms.Build.0 = Release|Any CPU
		{0D960141-299B-4F0E-9726-866A24F2D1C3}.Release|x86.ActiveCfg = Release|Any CPU
		{227F588D-7B63-49D4-9B7F-626464D3AD74}.Debug|Any CPU.ActiveCfg = Debug|Any CPU
		{227F588D-7B63-49D4-9B7F-626464D3AD74}.Debug|Any CPU.Build.0 = Debug|Any CPU
		{227F588D-7B63-49D4-9B7F-626464D3AD74}.Debug|Mixed Platforms.ActiveCfg = Debug|Any CPU
		{227F588D-7B63-49D4-9B7F-626464D3AD74}.Debug|Mixed Platforms.Build.0 = Debug|Any CPU
		{227F588D-7B63-49D4-9B7F-626464D3AD74}.Debug|x86.ActiveCfg = Debug|Any CPU
		{227F588D-7B63-49D4-9B7F-626464D3AD74}.Debug|x86.Build.0 = Debug|Any CPU
		{227F588D-7B63-49D4-9B7F-626464D3AD74}.Release|Any CPU.ActiveCfg = Release|Any CPU
		{227F588D-7B63-49D4-9B7F-626464D3AD74}.Release|Any CPU.Build.0 = Release|Any CPU
		{227F588D-7B63-49D4-9B7F-626464D3AD74}.Release|Mixed Platforms.ActiveCfg = Release|Any CPU
		{227F588D-7B63-49D4-9B7F-626464D3AD74}.Release|Mixed Platforms.Build.0 = Release|Any CPU
		{227F588D-7B63-49D4-9B7F-626464D3AD74}.Release|x86.ActiveCfg = Release|Any CPU
		{B0B40227-9F5E-4247-A766-79FCBB6C96EF}.Debug|Any CPU.ActiveCfg = Debug|Any CPU
		{B0B40227-9F5E-4247-A766-79FCBB6C96EF}.Debug|Any CPU.Build.0 = Debug|Any CPU
		{B0B40227-9F5E-4247-A766-79FCBB6C96EF}.Debug|Mixed Platforms.ActiveCfg = Debug|Any CPU
		{B0B40227-9F5E-4247-A766-79FCBB6C96EF}.Debug|Mixed Platforms.Build.0 = Debug|Any CPU
		{B0B40227-9F5E-4247-A766-79FCBB6C96EF}.Debug|x86.ActiveCfg = Debug|Any CPU
		{B0B40227-9F5E-4247-A766-79FCBB6C96EF}.Debug|x86.Build.0 = Debug|Any CPU
		{B0B40227-9F5E-4247-A766-79FCBB6C96EF}.Release|Any CPU.ActiveCfg = Release|Any CPU
		{B0B40227-9F5E-4247-A766-79FCBB6C96EF}.Release|Any CPU.Build.0 = Release|Any CPU
		{B0B40227-9F5E-4247-A766-79FCBB6C96EF}.Release|Mixed Platforms.ActiveCfg = Release|Any CPU
		{B0B40227-9F5E-4247-A766-79FCBB6C96EF}.Release|Mixed Platforms.Build.0 = Release|Any CPU
		{B0B40227-9F5E-4247-A766-79FCBB6C96EF}.Release|x86.ActiveCfg = Release|Any CPU
		{644EE405-7EDA-47B3-A939-14DDCC14FCED}.Debug|Any CPU.ActiveCfg = Debug|Any CPU
		{644EE405-7EDA-47B3-A939-14DDCC14FCED}.Debug|Any CPU.Build.0 = Debug|Any CPU
		{644EE405-7EDA-47B3-A939-14DDCC14FCED}.Debug|Mixed Platforms.ActiveCfg = Debug|Any CPU
		{644EE405-7EDA-47B3-A939-14DDCC14FCED}.Debug|Mixed Platforms.Build.0 = Debug|Any CPU
		{644EE405-7EDA-47B3-A939-14DDCC14FCED}.Debug|x86.ActiveCfg = Debug|Any CPU
		{644EE405-7EDA-47B3-A939-14DDCC14FCED}.Debug|x86.Build.0 = Debug|Any CPU
		{644EE405-7EDA-47B3-A939-14DDCC14FCED}.Release|Any CPU.ActiveCfg = Release|Any CPU
		{644EE405-7EDA-47B3-A939-14DDCC14FCED}.Release|Any CPU.Build.0 = Release|Any CPU
		{644EE405-7EDA-47B3-A939-14DDCC14FCED}.Release|Mixed Platforms.ActiveCfg = Release|Any CPU
		{644EE405-7EDA-47B3-A939-14DDCC14FCED}.Release|Mixed Platforms.Build.0 = Release|Any CPU
		{644EE405-7EDA-47B3-A939-14DDCC14FCED}.Release|x86.ActiveCfg = Release|Any CPU
		{3759C2E4-1872-4C4D-8B7B-4406904BB36B}.Debug|Any CPU.ActiveCfg = Debug|Any CPU
		{3759C2E4-1872-4C4D-8B7B-4406904BB36B}.Debug|Any CPU.Build.0 = Debug|Any CPU
		{3759C2E4-1872-4C4D-8B7B-4406904BB36B}.Debug|Mixed Platforms.ActiveCfg = Debug|Any CPU
		{3759C2E4-1872-4C4D-8B7B-4406904BB36B}.Debug|Mixed Platforms.Build.0 = Debug|Any CPU
		{3759C2E4-1872-4C4D-8B7B-4406904BB36B}.Debug|x86.ActiveCfg = Debug|Any CPU
		{3759C2E4-1872-4C4D-8B7B-4406904BB36B}.Debug|x86.Build.0 = Debug|Any CPU
		{3759C2E4-1872-4C4D-8B7B-4406904BB36B}.Release|Any CPU.ActiveCfg = Release|Any CPU
		{3759C2E4-1872-4C4D-8B7B-4406904BB36B}.Release|Any CPU.Build.0 = Release|Any CPU
		{3759C2E4-1872-4C4D-8B7B-4406904BB36B}.Release|Mixed Platforms.ActiveCfg = Release|Any CPU
		{3759C2E4-1872-4C4D-8B7B-4406904BB36B}.Release|Mixed Platforms.Build.0 = Release|Any CPU
		{3759C2E4-1872-4C4D-8B7B-4406904BB36B}.Release|x86.ActiveCfg = Release|Any CPU
		{1D49A342-DD94-4A9D-9E5C-2AF57C9790EB}.Debug|Any CPU.ActiveCfg = Debug|Any CPU
		{1D49A342-DD94-4A9D-9E5C-2AF57C9790EB}.Debug|Any CPU.Build.0 = Debug|Any CPU
		{1D49A342-DD94-4A9D-9E5C-2AF57C9790EB}.Debug|Mixed Platforms.ActiveCfg = Debug|Any CPU
		{1D49A342-DD94-4A9D-9E5C-2AF57C9790EB}.Debug|Mixed Platforms.Build.0 = Debug|Any CPU
		{1D49A342-DD94-4A9D-9E5C-2AF57C9790EB}.Debug|x86.ActiveCfg = Debug|Any CPU
		{1D49A342-DD94-4A9D-9E5C-2AF57C9790EB}.Debug|x86.Build.0 = Debug|Any CPU
		{1D49A342-DD94-4A9D-9E5C-2AF57C9790EB}.Release|Any CPU.ActiveCfg = Release|Any CPU
		{1D49A342-DD94-4A9D-9E5C-2AF57C9790EB}.Release|Any CPU.Build.0 = Release|Any CPU
		{1D49A342-DD94-4A9D-9E5C-2AF57C9790EB}.Release|Mixed Platforms.ActiveCfg = Release|Any CPU
		{1D49A342-DD94-4A9D-9E5C-2AF57C9790EB}.Release|Mixed Platforms.Build.0 = Release|Any CPU
		{1D49A342-DD94-4A9D-9E5C-2AF57C9790EB}.Release|x86.ActiveCfg = Release|Any CPU
		{F73AAF5B-58BB-4C7D-ABCB-4E42CB3035E4}.Debug|Any CPU.ActiveCfg = Debug|x86
		{F73AAF5B-58BB-4C7D-ABCB-4E42CB3035E4}.Debug|Mixed Platforms.ActiveCfg = Debug|x86
		{F73AAF5B-58BB-4C7D-ABCB-4E42CB3035E4}.Debug|Mixed Platforms.Build.0 = Debug|x86
		{F73AAF5B-58BB-4C7D-ABCB-4E42CB3035E4}.Debug|x86.ActiveCfg = Debug|x86
		{F73AAF5B-58BB-4C7D-ABCB-4E42CB3035E4}.Release|Any CPU.ActiveCfg = Release|x86
		{F73AAF5B-58BB-4C7D-ABCB-4E42CB3035E4}.Release|Mixed Platforms.ActiveCfg = Release|x86
		{F73AAF5B-58BB-4C7D-ABCB-4E42CB3035E4}.Release|Mixed Platforms.Build.0 = Release|x86
		{F73AAF5B-58BB-4C7D-ABCB-4E42CB3035E4}.Release|x86.ActiveCfg = Release|x86
		{F73AAF5B-58BB-4C7D-ABCB-4E42CB3035E4}.Release|x86.Build.0 = Release|x86
		{BE3FF191-E1DD-489C-84E4-757AF62C2675}.Debug|Any CPU.ActiveCfg = Debug|Any CPU
		{BE3FF191-E1DD-489C-84E4-757AF62C2675}.Debug|Any CPU.Build.0 = Debug|Any CPU
		{BE3FF191-E1DD-489C-84E4-757AF62C2675}.Debug|Mixed Platforms.ActiveCfg = Debug|Any CPU
		{BE3FF191-E1DD-489C-84E4-757AF62C2675}.Debug|Mixed Platforms.Build.0 = Debug|Any CPU
		{BE3FF191-E1DD-489C-84E4-757AF62C2675}.Debug|x86.ActiveCfg = Debug|Any CPU
		{BE3FF191-E1DD-489C-84E4-757AF62C2675}.Debug|x86.Build.0 = Debug|Any CPU
		{BE3FF191-E1DD-489C-84E4-757AF62C2675}.Release|Any CPU.ActiveCfg = Release|Any CPU
		{BE3FF191-E1DD-489C-84E4-757AF62C2675}.Release|Any CPU.Build.0 = Release|Any CPU
		{BE3FF191-E1DD-489C-84E4-757AF62C2675}.Release|Mixed Platforms.ActiveCfg = Release|Any CPU
		{BE3FF191-E1DD-489C-84E4-757AF62C2675}.Release|Mixed Platforms.Build.0 = Release|Any CPU
		{BE3FF191-E1DD-489C-84E4-757AF62C2675}.Release|x86.ActiveCfg = Release|Any CPU
		{6F87E697-1F8D-42B1-BDA8-0C0DA8EA2B68}.Debug|Any CPU.ActiveCfg = Debug|x86
		{6F87E697-1F8D-42B1-BDA8-0C0DA8EA2B68}.Debug|Mixed Platforms.ActiveCfg = Debug|x86
		{6F87E697-1F8D-42B1-BDA8-0C0DA8EA2B68}.Debug|Mixed Platforms.Build.0 = Debug|x86
		{6F87E697-1F8D-42B1-BDA8-0C0DA8EA2B68}.Debug|x86.ActiveCfg = Debug|x86
		{6F87E697-1F8D-42B1-BDA8-0C0DA8EA2B68}.Release|Any CPU.ActiveCfg = Release|x86
		{6F87E697-1F8D-42B1-BDA8-0C0DA8EA2B68}.Release|Mixed Platforms.ActiveCfg = Release|x86
		{6F87E697-1F8D-42B1-BDA8-0C0DA8EA2B68}.Release|Mixed Platforms.Build.0 = Release|x86
		{6F87E697-1F8D-42B1-BDA8-0C0DA8EA2B68}.Release|x86.ActiveCfg = Release|x86
		{6F87E697-1F8D-42B1-BDA8-0C0DA8EA2B68}.Release|x86.Build.0 = Release|x86
		{BD84BF78-E1DC-46F7-ABD7-32F1D531586E}.Debug|Any CPU.ActiveCfg = Debug|Any CPU
		{BD84BF78-E1DC-46F7-ABD7-32F1D531586E}.Debug|Any CPU.Build.0 = Debug|Any CPU
		{BD84BF78-E1DC-46F7-ABD7-32F1D531586E}.Debug|Mixed Platforms.ActiveCfg = Debug|Any CPU
		{BD84BF78-E1DC-46F7-ABD7-32F1D531586E}.Debug|Mixed Platforms.Build.0 = Debug|Any CPU
		{BD84BF78-E1DC-46F7-ABD7-32F1D531586E}.Debug|x86.ActiveCfg = Debug|Any CPU
		{BD84BF78-E1DC-46F7-ABD7-32F1D531586E}.Debug|x86.Build.0 = Debug|Any CPU
		{BD84BF78-E1DC-46F7-ABD7-32F1D531586E}.Release|Any CPU.ActiveCfg = Release|Any CPU
		{BD84BF78-E1DC-46F7-ABD7-32F1D531586E}.Release|Any CPU.Build.0 = Release|Any CPU
		{BD84BF78-E1DC-46F7-ABD7-32F1D531586E}.Release|Mixed Platforms.ActiveCfg = Release|Any CPU
		{BD84BF78-E1DC-46F7-ABD7-32F1D531586E}.Release|Mixed Platforms.Build.0 = Release|Any CPU
		{BD84BF78-E1DC-46F7-ABD7-32F1D531586E}.Release|x86.ActiveCfg = Release|Any CPU
		{8CBBF1E7-495E-4D44-8F67-680254856AC0}.Debug|Any CPU.ActiveCfg = Debug|x86
		{8CBBF1E7-495E-4D44-8F67-680254856AC0}.Debug|Mixed Platforms.ActiveCfg = Debug|x86
		{8CBBF1E7-495E-4D44-8F67-680254856AC0}.Debug|Mixed Platforms.Build.0 = Debug|x86
		{8CBBF1E7-495E-4D44-8F67-680254856AC0}.Debug|x86.ActiveCfg = Debug|x86
		{8CBBF1E7-495E-4D44-8F67-680254856AC0}.Debug|x86.Build.0 = Debug|x86
		{8CBBF1E7-495E-4D44-8F67-680254856AC0}.Release|Any CPU.ActiveCfg = Release|x86
		{8CBBF1E7-495E-4D44-8F67-680254856AC0}.Release|Mixed Platforms.ActiveCfg = Release|x86
		{8CBBF1E7-495E-4D44-8F67-680254856AC0}.Release|Mixed Platforms.Build.0 = Release|x86
		{8CBBF1E7-495E-4D44-8F67-680254856AC0}.Release|x86.ActiveCfg = Release|x86
		{8CBBF1E7-495E-4D44-8F67-680254856AC0}.Release|x86.Build.0 = Release|x86
		{02E9845C-808E-4E29-B431-E637D993ED98}.Debug|Any CPU.ActiveCfg = Debug|x86
		{02E9845C-808E-4E29-B431-E637D993ED98}.Debug|Mixed Platforms.ActiveCfg = Debug|x86
		{02E9845C-808E-4E29-B431-E637D993ED98}.Debug|Mixed Platforms.Build.0 = Debug|x86
		{02E9845C-808E-4E29-B431-E637D993ED98}.Debug|x86.ActiveCfg = Debug|x86
		{02E9845C-808E-4E29-B431-E637D993ED98}.Debug|x86.Build.0 = Debug|x86
		{02E9845C-808E-4E29-B431-E637D993ED98}.Release|Any CPU.ActiveCfg = Release|x86
		{02E9845C-808E-4E29-B431-E637D993ED98}.Release|Mixed Platforms.ActiveCfg = Release|x86
		{02E9845C-808E-4E29-B431-E637D993ED98}.Release|Mixed Platforms.Build.0 = Release|x86
		{02E9845C-808E-4E29-B431-E637D993ED98}.Release|x86.ActiveCfg = Release|x86
		{02E9845C-808E-4E29-B431-E637D993ED98}.Release|x86.Build.0 = Release|x86
		{8B3E30FF-A5A9-4119-9EA3-295DD85E77D2}.Debug|Any CPU.ActiveCfg = Debug|x86
		{8B3E30FF-A5A9-4119-9EA3-295DD85E77D2}.Debug|Mixed Platforms.ActiveCfg = Debug|x86
		{8B3E30FF-A5A9-4119-9EA3-295DD85E77D2}.Debug|Mixed Platforms.Build.0 = Debug|x86
		{8B3E30FF-A5A9-4119-9EA3-295DD85E77D2}.Debug|x86.ActiveCfg = Debug|x86
		{8B3E30FF-A5A9-4119-9EA3-295DD85E77D2}.Debug|x86.Build.0 = Debug|x86
		{8B3E30FF-A5A9-4119-9EA3-295DD85E77D2}.Release|Any CPU.ActiveCfg = Release|x86
		{8B3E30FF-A5A9-4119-9EA3-295DD85E77D2}.Release|Mixed Platforms.ActiveCfg = Release|x86
		{8B3E30FF-A5A9-4119-9EA3-295DD85E77D2}.Release|Mixed Platforms.Build.0 = Release|x86
		{8B3E30FF-A5A9-4119-9EA3-295DD85E77D2}.Release|x86.ActiveCfg = Release|x86
		{8B3E30FF-A5A9-4119-9EA3-295DD85E77D2}.Release|x86.Build.0 = Release|x86
		{8543ECBE-DD62-4F74-949E-3A4F834DF6FF}.Debug|Any CPU.ActiveCfg = Debug|Any CPU
		{8543ECBE-DD62-4F74-949E-3A4F834DF6FF}.Debug|Any CPU.Build.0 = Debug|Any CPU
		{8543ECBE-DD62-4F74-949E-3A4F834DF6FF}.Debug|Mixed Platforms.ActiveCfg = Debug|Any CPU
		{8543ECBE-DD62-4F74-949E-3A4F834DF6FF}.Debug|Mixed Platforms.Build.0 = Debug|Any CPU
		{8543ECBE-DD62-4F74-949E-3A4F834DF6FF}.Debug|x86.ActiveCfg = Debug|Any CPU
		{8543ECBE-DD62-4F74-949E-3A4F834DF6FF}.Debug|x86.Build.0 = Debug|Any CPU
		{8543ECBE-DD62-4F74-949E-3A4F834DF6FF}.Release|Any CPU.ActiveCfg = Release|Any CPU
		{8543ECBE-DD62-4F74-949E-3A4F834DF6FF}.Release|Any CPU.Build.0 = Release|Any CPU
		{8543ECBE-DD62-4F74-949E-3A4F834DF6FF}.Release|Mixed Platforms.ActiveCfg = Release|Any CPU
		{8543ECBE-DD62-4F74-949E-3A4F834DF6FF}.Release|Mixed Platforms.Build.0 = Release|Any CPU
		{8543ECBE-DD62-4F74-949E-3A4F834DF6FF}.Release|x86.ActiveCfg = Release|Any CPU
	EndGlobalSection
	GlobalSection(SolutionProperties) = preSolution
		HideSolutionNode = FALSE
	EndGlobalSection
	GlobalSection(NestedProjects) = preSolution
		{0D960141-299B-4F0E-9726-866A24F2D1C3} = {20C1D40A-914C-4D82-8DED-BECA38DEED17}
		{227F588D-7B63-49D4-9B7F-626464D3AD74} = {20C1D40A-914C-4D82-8DED-BECA38DEED17}
		{B0B40227-9F5E-4247-A766-79FCBB6C96EF} = {20C1D40A-914C-4D82-8DED-BECA38DEED17}
		{644EE405-7EDA-47B3-A939-14DDCC14FCED} = {20C1D40A-914C-4D82-8DED-BECA38DEED17}
		{3759C2E4-1872-4C4D-8B7B-4406904BB36B} = {20C1D40A-914C-4D82-8DED-BECA38DEED17}
		{3868C5D3-4856-48BA-AC09-B4D0D4D3C918} = {20C1D40A-914C-4D82-8DED-BECA38DEED17}
		{BE3FF191-E1DD-489C-84E4-757AF62C2675} = {20C1D40A-914C-4D82-8DED-BECA38DEED17}
		{8F47024D-DF3A-4E3C-AD51-42A3CA905A79} = {20C1D40A-914C-4D82-8DED-BECA38DEED17}
		{1D49A342-DD94-4A9D-9E5C-2AF57C9790EB} = {C9C4D3BD-AF56-4487-909E-ECBC1C040A66}
		{F73AAF5B-58BB-4C7D-ABCB-4E42CB3035E4} = {C9C4D3BD-AF56-4487-909E-ECBC1C040A66}
		{6F87E697-1F8D-42B1-BDA8-0C0DA8EA2B68} = {C9C4D3BD-AF56-4487-909E-ECBC1C040A66}
		{02E9845C-808E-4E29-B431-E637D993ED98} = {C9C4D3BD-AF56-4487-909E-ECBC1C040A66}
		{8543ECBE-DD62-4F74-949E-3A4F834DF6FF} = {C9C4D3BD-AF56-4487-909E-ECBC1C040A66}
		{BD84BF78-E1DC-46F7-ABD7-32F1D531586E} = {8F47024D-DF3A-4E3C-AD51-42A3CA905A79}
		{8CBBF1E7-495E-4D44-8F67-680254856AC0} = {F4BF08CC-07BC-4CD5-9287-9DEAEF53A736}
		{8B3E30FF-A5A9-4119-9EA3-295DD85E77D2} = {F4BF08CC-07BC-4CD5-9287-9DEAEF53A736}
	EndGlobalSection
EndGlobal
