
Microsoft Visual Studio Solution File, Format Version 11.00
# Visual Studio 2010
Project("{FAE04EC0-301F-11D3-BF4B-00C04F79EFBC}") = "MDotNet.MEF", "MDotNet.MEF\MDotNet.MEF.csproj", "{3868C5D3-4856-48BA-AC09-B4D0D4D3C918}"
EndProject
Project("{FAE04EC0-301F-11D3-BF4B-00C04F79EFBC}") = "MDotNet.ApplicationConsole", "MDotNet.ApplicationConsole\MDotNet.ApplicationConsole.csproj", "{63B765AA-E495-490D-A435-0E6EEEA0627A}"
EndProject
Project("{FAE04EC0-301F-11D3-BF4B-00C04F79EFBC}") = "MDotNet.WPF", "MDotNet.WPF\MDotNet.WPF.csproj", "{0D960141-299B-4F0E-9726-866A24F2D1C3}"
EndProject
Project("{FAE04EC0-301F-11D3-BF4B-00C04F79EFBC}") = "MDotNet.Settings", "MDotNet.Settings\MDotNet.Settings.csproj", "{227F588D-7B63-49D4-9B7F-626464D3AD74}"
EndProject
Project("{FAE04EC0-301F-11D3-BF4B-00C04F79EFBC}") = "MDotNet.Extensions", "MDotNet.Extensions\MDotNet.Extensions.csproj", "{B0B40227-9F5E-4247-A766-79FCBB6C96EF}"
EndProject
Project("{FAE04EC0-301F-11D3-BF4B-00C04F79EFBC}") = "MDotNet.Logging", "MDotNet.Logging\MDotNet.Logging.csproj", "{644EE405-7EDA-47B3-A939-14DDCC14FCED}"
EndProject
Project("{FAE04EC0-301F-11D3-BF4B-00C04F79EFBC}") = "MDotNet.Common", "MDotNet.Common\MDotNet.Common.csproj", "{3759C2E4-1872-4C4D-8B7B-4406904BB36B}"
EndProject
Project("{2150E333-8FDC-42A3-9474-1A3956D46DE8}") = "Test Applications", "Test Applications", "{005C77CD-EEB9-4610-8308-6814E07A92AB}"
EndProject
Project("{2150E333-8FDC-42A3-9474-1A3956D46DE8}") = "Unit Tests", "Unit Tests", "{6C0B6D2A-9C42-4B0B-96B7-DE025977DC43}"
EndProject
Project("{FAE04EC0-301F-11D3-BF4B-00C04F79EFBC}") = "MDotNext.WPF.TestApplication", "MDotNext.WPF.TestApplication\MDotNext.WPF.TestApplication.csproj", "{67AB5B86-C6D7-4FCE-9F20-922F81A46229}"
EndProject
Global
	GlobalSection(SolutionConfigurationPlatforms) = preSolution
		Debug|Any CPU = Debug|Any CPU
		Debug|Mixed Platforms = Debug|Mixed Platforms
		Debug|x86 = Debug|x86
		Release|Any CPU = Release|Any CPU
		Release|Mixed Platforms = Release|Mixed Platforms
		Release|x86 = Release|x86
	EndGlobalSection
	GlobalSection(ProjectConfigurationPlatforms) = postSolution
		{3868C5D3-4856-48BA-AC09-B4D0D4D3C918}.Debug|Any CPU.ActiveCfg = Debug|Any CPU
		{3868C5D3-4856-48BA-AC09-B4D0D4D3C918}.Debug|Any CPU.Build.0 = Debug|Any CPU
		{3868C5D3-4856-48BA-AC09-B4D0D4D3C918}.Debug|Mixed Platforms.ActiveCfg = Debug|Any CPU
		{3868C5D3-4856-48BA-AC09-B4D0D4D3C918}.Debug|Mixed Platforms.Build.0 = Debug|Any CPU
		{3868C5D3-4856-48BA-AC09-B4D0D4D3C918}.Debug|x86.ActiveCfg = Debug|Any CPU
		{3868C5D3-4856-48BA-AC09-B4D0D4D3C918}.Release|Any CPU.ActiveCfg = Release|Any CPU
		{3868C5D3-4856-48BA-AC09-B4D0D4D3C918}.Release|Any CPU.Build.0 = Release|Any CPU
		{3868C5D3-4856-48BA-AC09-B4D0D4D3C918}.Release|Mixed Platforms.ActiveCfg = Release|Any CPU
		{3868C5D3-4856-48BA-AC09-B4D0D4D3C918}.Release|Mixed Platforms.Build.0 = Release|Any CPU
		{3868C5D3-4856-48BA-AC09-B4D0D4D3C918}.Release|x86.ActiveCfg = Release|Any CPU
		{63B765AA-E495-490D-A435-0E6EEEA0627A}.Debug|Any CPU.ActiveCfg = Debug|x86
		{63B765AA-E495-490D-A435-0E6EEEA0627A}.Debug|Mixed Platforms.ActiveCfg = Debug|x86
		{63B765AA-E495-490D-A435-0E6EEEA0627A}.Debug|Mixed Platforms.Build.0 = Debug|x86
		{63B765AA-E495-490D-A435-0E6EEEA0627A}.Debug|x86.ActiveCfg = Debug|x86
		{63B765AA-E495-490D-A435-0E6EEEA0627A}.Debug|x86.Build.0 = Debug|x86
		{63B765AA-E495-490D-A435-0E6EEEA0627A}.Release|Any CPU.ActiveCfg = Release|x86
		{63B765AA-E495-490D-A435-0E6EEEA0627A}.Release|Mixed Platforms.ActiveCfg = Release|x86
		{63B765AA-E495-490D-A435-0E6EEEA0627A}.Release|Mixed Platforms.Build.0 = Release|x86
		{63B765AA-E495-490D-A435-0E6EEEA0627A}.Release|x86.ActiveCfg = Release|x86
		{63B765AA-E495-490D-A435-0E6EEEA0627A}.Release|x86.Build.0 = Release|x86
		{0D960141-299B-4F0E-9726-866A24F2D1C3}.Debug|Any CPU.ActiveCfg = Debug|Any CPU
		{0D960141-299B-4F0E-9726-866A24F2D1C3}.Debug|Any CPU.Build.0 = Debug|Any CPU
		{0D960141-299B-4F0E-9726-866A24F2D1C3}.Debug|Mixed Platforms.ActiveCfg = Debug|Any CPU
		{0D960141-299B-4F0E-9726-866A24F2D1C3}.Debug|Mixed Platforms.Build.0 = Debug|Any CPU
		{0D960141-299B-4F0E-9726-866A24F2D1C3}.Debug|x86.ActiveCfg = Debug|Any CPU
		{0D960141-299B-4F0E-9726-866A24F2D1C3}.Release|Any CPU.ActiveCfg = Release|Any CPU
		{0D960141-299B-4F0E-9726-866A24F2D1C3}.Release|Any CPU.Build.0 = Release|Any CPU
		{0D960141-299B-4F0E-9726-866A24F2D1C3}.Release|Mixed Platforms.ActiveCfg = Release|Any CPU
		{0D960141-299B-4F0E-9726-866A24F2D1C3}.Release|Mixed Platforms.Build.0 = Release|Any CPU
		{0D960141-299B-4F0E-9726-866A24F2D1C3}.Release|x86.ActiveCfg = Release|Any CPU
		{227F588D-7B63-49D4-9B7F-626464D3AD74}.Debug|Any CPU.ActiveCfg = Debug|Any CPU
		{227F588D-7B63-49D4-9B7F-626464D3AD74}.Debug|Any CPU.Build.0 = Debug|Any CPU
		{227F588D-7B63-49D4-9B7F-626464D3AD74}.Debug|Mixed Platforms.ActiveCfg = Debug|Any CPU
		{227F588D-7B63-49D4-9B7F-626464D3AD74}.Debug|Mixed Platforms.Build.0 = Debug|Any CPU
		{227F588D-7B63-49D4-9B7F-626464D3AD74}.Debug|x86.ActiveCfg = Debug|Any CPU
		{227F588D-7B63-49D4-9B7F-626464D3AD74}.Release|Any CPU.ActiveCfg = Release|Any CPU
		{227F588D-7B63-49D4-9B7F-626464D3AD74}.Release|Any CPU.Build.0 = Release|Any CPU
		{227F588D-7B63-49D4-9B7F-626464D3AD74}.Release|Mixed Platforms.ActiveCfg = Release|Any CPU
		{227F588D-7B63-49D4-9B7F-626464D3AD74}.Release|Mixed Platforms.Build.0 = Release|Any CPU
		{227F588D-7B63-49D4-9B7F-626464D3AD74}.Release|x86.ActiveCfg = Release|Any CPU
		{B0B40227-9F5E-4247-A766-79FCBB6C96EF}.Debug|Any CPU.ActiveCfg = Debug|Any CPU
		{B0B40227-9F5E-4247-A766-79FCBB6C96EF}.Debug|Any CPU.Build.0 = Debug|Any CPU
		{B0B40227-9F5E-4247-A766-79FCBB6C96EF}.Debug|Mixed Platforms.ActiveCfg = Debug|Any CPU
		{B0B40227-9F5E-4247-A766-79FCBB6C96EF}.Debug|Mixed Platforms.Build.0 = Debug|Any CPU
		{B0B40227-9F5E-4247-A766-79FCBB6C96EF}.Debug|x86.ActiveCfg = Debug|Any CPU
		{B0B40227-9F5E-4247-A766-79FCBB6C96EF}.Release|Any CPU.ActiveCfg = Release|Any CPU
		{B0B40227-9F5E-4247-A766-79FCBB6C96EF}.Release|Any CPU.Build.0 = Release|Any CPU
		{B0B40227-9F5E-4247-A766-79FCBB6C96EF}.Release|Mixed Platforms.ActiveCfg = Release|Any CPU
		{B0B40227-9F5E-4247-A766-79FCBB6C96EF}.Release|Mixed Platforms.Build.0 = Release|Any CPU
		{B0B40227-9F5E-4247-A766-79FCBB6C96EF}.Release|x86.ActiveCfg = Release|Any CPU
		{644EE405-7EDA-47B3-A939-14DDCC14FCED}.Debug|Any CPU.ActiveCfg = Debug|Any CPU
		{644EE405-7EDA-47B3-A939-14DDCC14FCED}.Debug|Any CPU.Build.0 = Debug|Any CPU
		{644EE405-7EDA-47B3-A939-14DDCC14FCED}.Debug|Mixed Platforms.ActiveCfg = Debug|Any CPU
		{644EE405-7EDA-47B3-A939-14DDCC14FCED}.Debug|Mixed Platforms.Build.0 = Debug|Any CPU
		{644EE405-7EDA-47B3-A939-14DDCC14FCED}.Debug|x86.ActiveCfg = Debug|Any CPU
		{644EE405-7EDA-47B3-A939-14DDCC14FCED}.Release|Any CPU.ActiveCfg = Release|Any CPU
		{644EE405-7EDA-47B3-A939-14DDCC14FCED}.Release|Any CPU.Build.0 = Release|Any CPU
		{644EE405-7EDA-47B3-A939-14DDCC14FCED}.Release|Mixed Platforms.ActiveCfg = Release|Any CPU
		{644EE405-7EDA-47B3-A939-14DDCC14FCED}.Release|Mixed Platforms.Build.0 = Release|Any CPU
		{644EE405-7EDA-47B3-A939-14DDCC14FCED}.Release|x86.ActiveCfg = Release|Any CPU
		{3759C2E4-1872-4C4D-8B7B-4406904BB36B}.Debug|Any CPU.ActiveCfg = Debug|Any CPU
		{3759C2E4-1872-4C4D-8B7B-4406904BB36B}.Debug|Any CPU.Build.0 = Debug|Any CPU
		{3759C2E4-1872-4C4D-8B7B-4406904BB36B}.Debug|Mixed Platforms.ActiveCfg = Debug|Any CPU
		{3759C2E4-1872-4C4D-8B7B-4406904BB36B}.Debug|Mixed Platforms.Build.0 = Debug|Any CPU
		{3759C2E4-1872-4C4D-8B7B-4406904BB36B}.Debug|x86.ActiveCfg = Debug|Any CPU
		{3759C2E4-1872-4C4D-8B7B-4406904BB36B}.Release|Any CPU.ActiveCfg = Release|Any CPU
		{3759C2E4-1872-4C4D-8B7B-4406904BB36B}.Release|Any CPU.Build.0 = Release|Any CPU
		{3759C2E4-1872-4C4D-8B7B-4406904BB36B}.Release|Mixed Platforms.ActiveCfg = Release|Any CPU
		{3759C2E4-1872-4C4D-8B7B-4406904BB36B}.Release|Mixed Platforms.Build.0 = Release|Any CPU
		{3759C2E4-1872-4C4D-8B7B-4406904BB36B}.Release|x86.ActiveCfg = Release|Any CPU
		{67AB5B86-C6D7-4FCE-9F20-922F81A46229}.Debug|Any CPU.ActiveCfg = Debug|x86
		{67AB5B86-C6D7-4FCE-9F20-922F81A46229}.Debug|Mixed Platforms.ActiveCfg = Debug|x86
		{67AB5B86-C6D7-4FCE-9F20-922F81A46229}.Debug|Mixed Platforms.Build.0 = Debug|x86
		{67AB5B86-C6D7-4FCE-9F20-922F81A46229}.Debug|x86.ActiveCfg = Debug|x86
		{67AB5B86-C6D7-4FCE-9F20-922F81A46229}.Debug|x86.Build.0 = Debug|x86
		{67AB5B86-C6D7-4FCE-9F20-922F81A46229}.Release|Any CPU.ActiveCfg = Release|x86
		{67AB5B86-C6D7-4FCE-9F20-922F81A46229}.Release|Mixed Platforms.ActiveCfg = Release|x86
		{67AB5B86-C6D7-4FCE-9F20-922F81A46229}.Release|Mixed Platforms.Build.0 = Release|x86
		{67AB5B86-C6D7-4FCE-9F20-922F81A46229}.Release|x86.ActiveCfg = Release|x86
		{67AB5B86-C6D7-4FCE-9F20-922F81A46229}.Release|x86.Build.0 = Release|x86
	EndGlobalSection
	GlobalSection(SolutionProperties) = preSolution
		HideSolutionNode = FALSE
	EndGlobalSection
	GlobalSection(NestedProjects) = preSolution
		{67AB5B86-C6D7-4FCE-9F20-922F81A46229} = {005C77CD-EEB9-4610-8308-6814E07A92AB}
	EndGlobalSection
EndGlobal
